github.com/google/go-cmp v0.5.4 h1:L8R9j+yAqZuZjsqh/z+F1NCffTKKLShY6zXTItVIZ8M=
github.com/google/go-cmp v0.5.4/go.mod h1:v8dTdLbMG2kIc/vJvl+f65V22dbkXbowE6jgT/gNBxE=
github.com/savaki/jq v0.0.0-20161209013833-0e6baecebbf8 h1:ajJQhvqPSQFJJ4aV5mDAMx8F7iFi6Dxfo6y62wymLNs=
github.com/savaki/jq v0.0.0-20161209013833-0e6baecebbf8/go.mod h1:Nw/CCOXNyF5JDd6UpYxBwG5WWZ2FOJ/d5QnXL4KQ6vY=
golang.org/x/xerrors v0.0.0-20191204190536-9bdfabe68543/go.mod h1:I/5z698sn9Ka8TeJc9MKroUUfqBBauWjQqLJ2OPfmY0=
